
Microsoft Visual Studio Solution File, Format Version 12.00
# Visual Studio Version 17
VisualStudioVersion = 17.13.35931.197 d17.13
MinimumVisualStudioVersion = 10.0.40219.1
Project("{FAE04EC0-301F-11D3-BF4B-00C04F79EFBC}") = "NovaPoshtaParalle", "NovaPoshtaParalle\NovaPoshtaParalle.csproj", "{F5BB8F0B-8F9D-47BB-959D-862CB5C36352}"
EndProject
Global
	GlobalSection(SolutionConfigurationPlatforms) = preSolution
		Debug|Any CPU = Debug|Any CPU
		Release|Any CPU = Release|Any CPU
	EndGlobalSection
	GlobalSection(ProjectConfigurationPlatforms) = postSolution
		{F5BB8F0B-8F9D-47BB-959D-862CB5C36352}.Debug|Any CPU.ActiveCfg = Debug|Any CPU
		{F5BB8F0B-8F9D-47BB-959D-862CB5C36352}.Debug|Any CPU.Build.0 = Debug|Any CPU
		{F5BB8F0B-8F9D-47BB-959D-862CB5C36352}.Release|Any CPU.ActiveCfg = Release|Any CPU
		{F5BB8F0B-8F9D-47BB-959D-862CB5C36352}.Release|Any CPU.Build.0 = Release|Any CPU
	EndGlobalSection
	GlobalSection(SolutionProperties) = preSolution
		HideSolutionNode = FALSE
	EndGlobalSection
	GlobalSection(ExtensibilityGlobals) = postSolution
		SolutionGuid = {312C059A-371C-495F-9C98-95F4D3B4A230}
	EndGlobalSection
EndGlobal
